
Microsoft Visual Studio Solution File, Format Version 12.00
# Visual Studio 15
VisualStudioVersion = 15.0.27703.2042
MinimumVisualStudioVersion = 10.0.40219.1
Project("{FAE04EC0-301F-11D3-BF4B-00C04F79EFBC}") = "Sistem_Proje", "Sistem_Proje\Sistem_Proje.csproj", "{7E6EAC82-7CAE-4B23-84A9-AC483BB84012}"
EndProject
Global
	GlobalSection(SolutionConfigurationPlatforms) = preSolution
		Debug|Any CPU = Debug|Any CPU
		Release|Any CPU = Release|Any CPU
	EndGlobalSection
	GlobalSection(ProjectConfigurationPlatforms) = postSolution
		{7E6EAC82-7CAE-4B23-84A9-AC483BB84012}.Debug|Any CPU.ActiveCfg = Debug|Any CPU
		{7E6EAC82-7CAE-4B23-84A9-AC483BB84012}.Debug|Any CPU.Build.0 = Debug|Any CPU
		{7E6EAC82-7CAE-4B23-84A9-AC483BB84012}.Release|Any CPU.ActiveCfg = Release|Any CPU
		{7E6EAC82-7CAE-4B23-84A9-AC483BB84012}.Release|Any CPU.Build.0 = Release|Any CPU
	EndGlobalSection
	GlobalSection(SolutionProperties) = preSolution
		HideSolutionNode = FALSE
	EndGlobalSection
	GlobalSection(ExtensibilityGlobals) = postSolution
		SolutionGuid = {F0057110-B125-4FA7-99B3-935322341E6B}
	EndGlobalSection
EndGlobal
